
Microsoft Visual Studio Solution File, Format Version 12.00
# Visual Studio Version 17
VisualStudioVersion = 17.8.34511.84
MinimumVisualStudioVersion = 10.0.40219.1
Project("{FAE04EC0-301F-11D3-BF4B-00C04F79EFBC}") = "ConsoleApp3", "ConsoleApp3\ConsoleApp3.csproj", "{2DC2541A-2EDB-476F-ACAF-8ED3D0AA334A}"
EndProject
Global
	GlobalSection(SolutionConfigurationPlatforms) = preSolution
		Debug|Any CPU = Debug|Any CPU
		Release|Any CPU = Release|Any CPU
	EndGlobalSection
	GlobalSection(ProjectConfigurationPlatforms) = postSolution
		{2DC2541A-2EDB-476F-ACAF-8ED3D0AA334A}.Debug|Any CPU.ActiveCfg = Debug|Any CPU
		{2DC2541A-2EDB-476F-ACAF-8ED3D0AA334A}.Debug|Any CPU.Build.0 = Debug|Any CPU
		{2DC2541A-2EDB-476F-ACAF-8ED3D0AA334A}.Release|Any CPU.ActiveCfg = Release|Any CPU
		{2DC2541A-2EDB-476F-ACAF-8ED3D0AA334A}.Release|Any CPU.Build.0 = Release|Any CPU
	EndGlobalSection
	GlobalSection(SolutionProperties) = preSolution
		HideSolutionNode = FALSE
	EndGlobalSection
	GlobalSection(ExtensibilityGlobals) = postSolution
		SolutionGuid = {BD1322DA-9C1F-4E5A-AE49-4E71FC236D78}
	EndGlobalSection
EndGlobal
